{
  "version": 4,
  "terraform_version": "1.2.7",
  "serial": 306,
  "lineage": "b4d2723c-eaf5-cd24-2193-7e9a478d2f8d",
  "outputs": {
    "create_task_base_url": {
      "value": "https://44jm5lnpn2.execute-api.us-east-1.amazonaws.com/dev",
      "type": "string"
    },
    "delete_task_base_url": {
      "value": "https://44jm5lnpn2.execute-api.us-east-1.amazonaws.com/dev",
      "type": "string"
    },
    "get_tasks_base_url": {
      "value": "https://44jm5lnpn2.execute-api.us-east-1.amazonaws.com/dev",
      "type": "string"
    },
    "update_task_base_url": {
      "value": "https://44jm5lnpn2.execute-api.us-east-1.amazonaws.com/dev",
      "type": "string"
    }
  },
  "resources": [
    {
      "mode": "data",
      "type": "archive_file",
      "name": "create_task_lambda",
      "provider": "provider[\"registry.terraform.io/hashicorp/archive\"]",
      "instances": [
        {
          "schema_version": 0,
          "attributes": {
            "excludes": null,
            "id": "ad61e4caebeea3fa2529fd32b241b3f0ef76e08f",
            "output_base64sha256": "AdS8IwSCjV8vWMVgocvkQs79Ap0pHTAjlv47C/JsT2A=",
            "output_file_mode": null,
            "output_md5": "2a920b4fe0103666d188f047d124353a",
            "output_path": "./create_task.zip",
            "output_sha": "ad61e4caebeea3fa2529fd32b241b3f0ef76e08f",
            "output_size": 583,
            "source": [],
            "source_content": null,
            "source_content_filename": null,
            "source_dir": "./create_task",
            "source_file": null,
            "type": "zip"
          },
          "sensitive_attributes": []
        }
      ]
    },
    {
      "mode": "data",
      "type": "archive_file",
      "name": "delete_task_lambda",
      "provider": "provider[\"registry.terraform.io/hashicorp/archive\"]",
      "instances": [
        {
          "schema_version": 0,
          "attributes": {
            "excludes": null,
            "id": "fbb87a977adc3c25ec3f389b9fbce4e86893fe39",
            "output_base64sha256": "lmPzmXuwS6Ume8cX+vAVR3pkmM77eUdnNQkh3b/N238=",
            "output_file_mode": null,
            "output_md5": "a882c23421e0bc3cfbce67793451d856",
            "output_path": "./delete_task.zip",
            "output_sha": "fbb87a977adc3c25ec3f389b9fbce4e86893fe39",
            "output_size": 621,
            "source": [],
            "source_content": null,
            "source_content_filename": null,
            "source_dir": "./delete_task",
            "source_file": null,
            "type": "zip"
          },
          "sensitive_attributes": []
        }
      ]
    },
    {
      "mode": "data",
      "type": "archive_file",
      "name": "get_tasks_lambda",
      "provider": "provider[\"registry.terraform.io/hashicorp/archive\"]",
      "instances": [
        {
          "schema_version": 0,
          "attributes": {
            "excludes": null,
            "id": "15fbb5edd9cd14a2bbdfb92f795a5c6d500122a6",
            "output_base64sha256": "x2rRRM2bDz96G6ZBWJ2FtOMqxaT1HXXk5mojCeab5JM=",
            "output_file_mode": null,
            "output_md5": "98f6812a302f5f65455d0833e560c014",
            "output_path": "./get_tasks.zip",
            "output_sha": "15fbb5edd9cd14a2bbdfb92f795a5c6d500122a6",
            "output_size": 640,
            "source": [],
            "source_content": null,
            "source_content_filename": null,
            "source_dir": "./get_tasks",
            "source_file": null,
            "type": "zip"
          },
          "sensitive_attributes": []
        }
      ]
    },
    {
      "mode": "data",
      "type": "archive_file",
      "name": "update_task_lambda",
      "provider": "provider[\"registry.terraform.io/hashicorp/archive\"]",
      "instances": [
        {
          "schema_version": 0,
          "attributes": {
            "excludes": null,
            "id": "7b250fc36d4338ac762f4a56f70590adf52afcac",
            "output_base64sha256": "rghsJpAD+PDH6CLEo057Xv9uUzWaoW6eT5lyILrh2WE=",
            "output_file_mode": null,
            "output_md5": "d5f9edd38d882211ba579f8f66cd2610",
            "output_path": "./update_task.zip",
            "output_sha": "7b250fc36d4338ac762f4a56f70590adf52afcac",
            "output_size": 604,
            "source": [],
            "source_content": null,
            "source_content_filename": null,
            "source_dir": "./update_task",
            "source_file": null,
            "type": "zip"
          },
          "sensitive_attributes": []
        }
      ]
    },
    {
      "mode": "managed",
      "type": "aws_apigatewayv2_api",
      "name": "task_app_main",
      "provider": "provider[\"registry.terraform.io/hashicorp/aws\"]",
      "instances": [
        {
          "schema_version": 0,
          "attributes": {
            "api_endpoint": "https://44jm5lnpn2.execute-api.us-east-1.amazonaws.com",
            "api_key_selection_expression": "$request.header.x-api-key",
            "arn": "arn:aws:apigateway:us-east-1::/apis/44jm5lnpn2",
            "body": null,
            "cors_configuration": [],
            "credentials_arn": null,
            "description": "",
            "disable_execute_api_endpoint": false,
            "execution_arn": "arn:aws:execute-api:us-east-1:362154745874:44jm5lnpn2",
            "fail_on_warnings": null,
            "id": "44jm5lnpn2",
            "name": "task_app_main",
            "protocol_type": "HTTP",
            "route_key": null,
            "route_selection_expression": "$request.method $request.path",
            "tags": {},
            "tags_all": {},
            "target": null,
            "version": ""
          },
          "sensitive_attributes": [],
          "private": "bnVsbA=="
        }
      ]
    },
    {
      "mode": "managed",
      "type": "aws_apigatewayv2_integration",
      "name": "create_task_lambda",
      "provider": "provider[\"registry.terraform.io/hashicorp/aws\"]",
      "instances": [
        {
          "schema_version": 0,
          "attributes": {
            "api_id": "44jm5lnpn2",
            "connection_id": "",
            "connection_type": "INTERNET",
            "content_handling_strategy": "",
            "credentials_arn": "",
            "description": "",
            "id": "tlz8ud2",
            "integration_method": "POST",
            "integration_response_selection_expression": "",
            "integration_subtype": "",
            "integration_type": "AWS_PROXY",
            "integration_uri": "arn:aws:apigateway:us-east-1:lambda:path/2015-03-31/functions/arn:aws:lambda:us-east-1:362154745874:function:create_task/invocations",
            "passthrough_behavior": "",
            "payload_format_version": "1.0",
            "request_parameters": {},
            "request_templates": {},
            "response_parameters": [],
            "template_selection_expression": "",
            "timeout_milliseconds": 30000,
            "tls_config": []
          },
          "sensitive_attributes": [],
          "private": "bnVsbA==",
          "dependencies": [
            "aws_apigatewayv2_api.task_app_main",
            "aws_iam_role.create_task_lambda_exec",
            "aws_lambda_function.create_task",
            "aws_s3_bucket.lambdas_bucket",
            "aws_s3_object.create_task_lambda",
            "data.archive_file.create_task_lambda"
          ]
        }
      ]
    },
    {
      "mode": "managed",
      "type": "aws_apigatewayv2_integration",
      "name": "delete_task_lambda",
      "provider": "provider[\"registry.terraform.io/hashicorp/aws\"]",
      "instances": [
        {
          "schema_version": 0,
          "attributes": {
            "api_id": "44jm5lnpn2",
            "connection_id": "",
            "connection_type": "INTERNET",
            "content_handling_strategy": "",
            "credentials_arn": "",
            "description": "",
            "id": "jar40ir",
            "integration_method": "POST",
            "integration_response_selection_expression": "",
            "integration_subtype": "",
            "integration_type": "AWS_PROXY",
            "integration_uri": "arn:aws:apigateway:us-east-1:lambda:path/2015-03-31/functions/arn:aws:lambda:us-east-1:362154745874:function:delete_task/invocations",
            "passthrough_behavior": "",
            "payload_format_version": "1.0",
            "request_parameters": {},
            "request_templates": {},
            "response_parameters": [],
            "template_selection_expression": "",
            "timeout_milliseconds": 30000,
            "tls_config": []
          },
          "sensitive_attributes": [],
          "private": "bnVsbA==",
          "dependencies": [
            "aws_apigatewayv2_api.task_app_main",
            "aws_iam_role.delete_task_lambda_exec",
            "aws_lambda_function.delete_task",
            "aws_s3_bucket.lambdas_bucket",
            "aws_s3_object.delete_task_lambda",
            "data.archive_file.delete_task_lambda"
          ]
        }
      ]
    },
    {
      "mode": "managed",
      "type": "aws_apigatewayv2_integration",
      "name": "get_tasks_lambda",
      "provider": "provider[\"registry.terraform.io/hashicorp/aws\"]",
      "instances": [
        {
          "schema_version": 0,
          "attributes": {
            "api_id": "44jm5lnpn2",
            "connection_id": "",
            "connection_type": "INTERNET",
            "content_handling_strategy": "",
            "credentials_arn": "",
            "description": "",
            "id": "toetj58",
            "integration_method": "POST",
            "integration_response_selection_expression": "",
            "integration_subtype": "",
            "integration_type": "AWS_PROXY",
            "integration_uri": "arn:aws:apigateway:us-east-1:lambda:path/2015-03-31/functions/arn:aws:lambda:us-east-1:362154745874:function:get_tasks/invocations",
            "passthrough_behavior": "",
            "payload_format_version": "1.0",
            "request_parameters": {},
            "request_templates": {},
            "response_parameters": [],
            "template_selection_expression": "",
            "timeout_milliseconds": 30000,
            "tls_config": []
          },
          "sensitive_attributes": [],
          "private": "bnVsbA==",
          "dependencies": [
            "aws_apigatewayv2_api.task_app_main",
            "aws_iam_role.get_tasks_lambda_exec",
            "aws_lambda_function.get_tasks",
            "aws_s3_bucket.lambdas_bucket",
            "aws_s3_object.get_tasks_lambda",
            "data.archive_file.get_tasks_lambda"
          ]
        }
      ]
    },
    {
      "mode": "managed",
      "type": "aws_apigatewayv2_integration",
      "name": "update_task_lambda",
      "provider": "provider[\"registry.terraform.io/hashicorp/aws\"]",
      "instances": [
        {
          "schema_version": 0,
          "attributes": {
            "api_id": "44jm5lnpn2",
            "connection_id": "",
            "connection_type": "INTERNET",
            "content_handling_strategy": "",
            "credentials_arn": "",
            "description": "",
            "id": "ykq23z4",
            "integration_method": "POST",
            "integration_response_selection_expression": "",
            "integration_subtype": "",
            "integration_type": "AWS_PROXY",
            "integration_uri": "arn:aws:apigateway:us-east-1:lambda:path/2015-03-31/functions/arn:aws:lambda:us-east-1:362154745874:function:update_task/invocations",
            "passthrough_behavior": "",
            "payload_format_version": "1.0",
            "request_parameters": {},
            "request_templates": {},
            "response_parameters": [],
            "template_selection_expression": "",
            "timeout_milliseconds": 30000,
            "tls_config": []
          },
          "sensitive_attributes": [],
          "private": "bnVsbA==",
          "dependencies": [
            "aws_apigatewayv2_api.task_app_main",
            "aws_iam_role.update_task_lambda_exec",
            "aws_lambda_function.update_task",
            "aws_s3_bucket.lambdas_bucket",
            "aws_s3_object.update_task_lambda",
            "data.archive_file.update_task_lambda"
          ]
        }
      ]
    },
    {
      "mode": "managed",
      "type": "aws_apigatewayv2_route",
      "name": "delete_task",
      "provider": "provider[\"registry.terraform.io/hashicorp/aws\"]",
      "instances": [
        {
          "schema_version": 0,
          "attributes": {
            "api_id": "44jm5lnpn2",
            "api_key_required": false,
            "authorization_scopes": [],
            "authorization_type": "NONE",
            "authorizer_id": "",
            "id": "sulwo7f",
            "model_selection_expression": "",
            "operation_name": "",
            "request_models": {},
            "request_parameter": [],
            "route_key": "DELETE /delete_task",
            "route_response_selection_expression": "",
            "target": "integrations/jar40ir"
          },
          "sensitive_attributes": [],
          "private": "bnVsbA==",
          "dependencies": [
            "aws_apigatewayv2_api.task_app_main",
            "aws_apigatewayv2_integration.delete_task_lambda",
            "aws_iam_role.delete_task_lambda_exec",
            "aws_lambda_function.delete_task",
            "aws_s3_bucket.lambdas_bucket",
            "aws_s3_object.delete_task_lambda",
            "data.archive_file.delete_task_lambda"
          ]
        }
      ]
    },
    {
      "mode": "managed",
      "type": "aws_apigatewayv2_route",
      "name": "get_the_tasks",
      "provider": "provider[\"registry.terraform.io/hashicorp/aws\"]",
      "instances": [
        {
          "schema_version": 0,
          "attributes": {
            "api_id": "44jm5lnpn2",
            "api_key_required": false,
            "authorization_scopes": [],
            "authorization_type": "NONE",
            "authorizer_id": "",
            "id": "49fzf25",
            "model_selection_expression": "",
            "operation_name": "",
            "request_models": {},
            "request_parameter": [],
            "route_key": "GET /get_tasks/{type}",
            "route_response_selection_expression": "",
            "target": "integrations/toetj58"
          },
          "sensitive_attributes": [],
          "private": "bnVsbA==",
          "dependencies": [
            "aws_apigatewayv2_api.task_app_main",
            "aws_apigatewayv2_integration.get_tasks_lambda",
            "aws_iam_role.get_tasks_lambda_exec",
            "aws_lambda_function.get_tasks",
            "aws_s3_bucket.lambdas_bucket",
            "aws_s3_object.get_tasks_lambda",
            "data.archive_file.get_tasks_lambda"
          ]
        }
      ]
    },
    {
      "mode": "managed",
      "type": "aws_apigatewayv2_route",
      "name": "post_task",
      "provider": "provider[\"registry.terraform.io/hashicorp/aws\"]",
      "instances": [
        {
          "schema_version": 0,
          "attributes": {
            "api_id": "44jm5lnpn2",
            "api_key_required": false,
            "authorization_scopes": [],
            "authorization_type": "NONE",
            "authorizer_id": "",
            "id": "p75rrzj",
            "model_selection_expression": "",
            "operation_name": "",
            "request_models": {},
            "request_parameter": [],
            "route_key": "POST /create_task",
            "route_response_selection_expression": "",
            "target": "integrations/tlz8ud2"
          },
          "sensitive_attributes": [],
          "private": "bnVsbA==",
          "dependencies": [
            "aws_apigatewayv2_api.task_app_main",
            "aws_apigatewayv2_integration.create_task_lambda",
            "aws_iam_role.create_task_lambda_exec",
            "aws_lambda_function.create_task",
            "aws_s3_bucket.lambdas_bucket",
            "aws_s3_object.create_task_lambda",
            "data.archive_file.create_task_lambda"
          ]
        }
      ]
    },
    {
      "mode": "managed",
      "type": "aws_apigatewayv2_route",
      "name": "update_the_task",
      "provider": "provider[\"registry.terraform.io/hashicorp/aws\"]",
      "instances": [
        {
          "schema_version": 0,
          "attributes": {
            "api_id": "44jm5lnpn2",
            "api_key_required": false,
            "authorization_scopes": [],
            "authorization_type": "NONE",
            "authorizer_id": "",
            "id": "95yz9h8",
            "model_selection_expression": "",
            "operation_name": "",
            "request_models": {},
            "request_parameter": [],
            "route_key": "PUT /update_task",
            "route_response_selection_expression": "",
            "target": "integrations/ykq23z4"
          },
          "sensitive_attributes": [],
          "private": "bnVsbA==",
          "dependencies": [
            "aws_apigatewayv2_api.task_app_main",
            "aws_apigatewayv2_integration.update_task_lambda",
            "aws_iam_role.update_task_lambda_exec",
            "aws_lambda_function.update_task",
            "aws_s3_bucket.lambdas_bucket",
            "aws_s3_object.update_task_lambda",
            "data.archive_file.update_task_lambda"
          ]
        }
      ]
    },
    {
      "mode": "managed",
      "type": "aws_apigatewayv2_stage",
      "name": "dev",
      "provider": "provider[\"registry.terraform.io/hashicorp/aws\"]",
      "instances": [
        {
          "schema_version": 0,
          "attributes": {
            "access_log_settings": [
              {
                "destination_arn": "arn:aws:logs:us-east-1:362154745874:log-group:/aws/api-gw/task_app_main",
                "format": "{\"httpMethod\":\"$context.httpMethod\",\"integrationErrorMessage\":\"$context.integrationErrorMessage\",\"protocol\":\"$context.protocol\",\"requestId\":\"$context.requestId\",\"requestTime\":\"$context.requestTime\",\"resourcePath\":\"$context.resourcePath\",\"responseLength\":\"$context.responseLength\",\"routeKey\":\"$context.routeKey\",\"sourceIp\":\"$context.identity.sourceIp\",\"status\":\"$context.status\"}"
              }
            ],
            "api_id": "44jm5lnpn2",
            "arn": "arn:aws:apigateway:us-east-1::/apis/44jm5lnpn2/stages/dev",
            "auto_deploy": true,
            "client_certificate_id": "",
            "default_route_settings": [
              {
                "data_trace_enabled": false,
                "detailed_metrics_enabled": false,
                "logging_level": "",
                "throttling_burst_limit": 0,
                "throttling_rate_limit": 0
              }
            ],
            "deployment_id": "1jb0ha",
            "description": "",
            "execution_arn": "arn:aws:execute-api:us-east-1:362154745874:44jm5lnpn2/dev",
            "id": "dev",
            "invoke_url": "https://44jm5lnpn2.execute-api.us-east-1.amazonaws.com/dev",
            "name": "dev",
            "route_settings": [],
            "stage_variables": {},
            "tags": {},
            "tags_all": {}
          },
          "sensitive_attributes": [],
          "private": "bnVsbA==",
          "dependencies": [
            "aws_apigatewayv2_api.task_app_main",
            "aws_cloudwatch_log_group.task_app_main_api_gw"
          ]
        }
      ]
    },
    {
      "mode": "managed",
      "type": "aws_cloudwatch_log_group",
      "name": "create_task",
      "provider": "provider[\"registry.terraform.io/hashicorp/aws\"]",
      "instances": [
        {
          "schema_version": 0,
          "attributes": {
            "arn": "arn:aws:logs:us-east-1:362154745874:log-group:/aws/lambda/create_task",
            "id": "/aws/lambda/create_task",
            "kms_key_id": "",
            "name": "/aws/lambda/create_task",
            "name_prefix": null,
            "retention_in_days": 14,
            "tags": {},
            "tags_all": {}
          },
          "sensitive_attributes": [],
          "private": "bnVsbA==",
          "dependencies": [
            "aws_iam_role.create_task_lambda_exec",
            "aws_lambda_function.create_task",
            "aws_s3_bucket.lambdas_bucket",
            "aws_s3_object.create_task_lambda",
            "data.archive_file.create_task_lambda"
          ]
        }
      ]
    },
    {
      "mode": "managed",
      "type": "aws_cloudwatch_log_group",
      "name": "delete_task",
      "provider": "provider[\"registry.terraform.io/hashicorp/aws\"]",
      "instances": [
        {
          "schema_version": 0,
          "attributes": {
            "arn": "arn:aws:logs:us-east-1:362154745874:log-group:/aws/lambda/delete_task",
            "id": "/aws/lambda/delete_task",
            "kms_key_id": "",
            "name": "/aws/lambda/delete_task",
            "name_prefix": null,
            "retention_in_days": 14,
            "tags": {},
            "tags_all": {}
          },
          "sensitive_attributes": [],
          "private": "bnVsbA==",
          "dependencies": [
            "aws_iam_role.delete_task_lambda_exec",
            "aws_lambda_function.delete_task",
            "aws_s3_bucket.lambdas_bucket",
            "aws_s3_object.delete_task_lambda",
            "data.archive_file.delete_task_lambda"
          ]
        }
      ]
    },
    {
      "mode": "managed",
      "type": "aws_cloudwatch_log_group",
      "name": "get_tasks",
      "provider": "provider[\"registry.terraform.io/hashicorp/aws\"]",
      "instances": [
        {
          "schema_version": 0,
          "attributes": {
            "arn": "arn:aws:logs:us-east-1:362154745874:log-group:/aws/lambda/get_tasks",
            "id": "/aws/lambda/get_tasks",
            "kms_key_id": "",
            "name": "/aws/lambda/get_tasks",
            "name_prefix": null,
            "retention_in_days": 14,
            "tags": {},
            "tags_all": {}
          },
          "sensitive_attributes": [],
          "private": "bnVsbA==",
          "dependencies": [
            "aws_iam_role.get_tasks_lambda_exec",
            "aws_lambda_function.get_tasks",
            "aws_s3_bucket.lambdas_bucket",
            "aws_s3_object.get_tasks_lambda",
            "data.archive_file.get_tasks_lambda"
          ]
        }
      ]
    },
    {
      "mode": "managed",
      "type": "aws_cloudwatch_log_group",
      "name": "task_app_main_api_gw",
      "provider": "provider[\"registry.terraform.io/hashicorp/aws\"]",
      "instances": [
        {
          "schema_version": 0,
          "attributes": {
            "arn": "arn:aws:logs:us-east-1:362154745874:log-group:/aws/api-gw/task_app_main",
            "id": "/aws/api-gw/task_app_main",
            "kms_key_id": "",
            "name": "/aws/api-gw/task_app_main",
            "name_prefix": null,
            "retention_in_days": 14,
            "tags": {},
            "tags_all": {}
          },
          "sensitive_attributes": [],
          "private": "bnVsbA==",
          "dependencies": ["aws_apigatewayv2_api.task_app_main"]
        }
      ]
    },
    {
      "mode": "managed",
      "type": "aws_cloudwatch_log_group",
      "name": "update_task",
      "provider": "provider[\"registry.terraform.io/hashicorp/aws\"]",
      "instances": [
        {
          "schema_version": 0,
          "attributes": {
            "arn": "arn:aws:logs:us-east-1:362154745874:log-group:/aws/lambda/update_task",
            "id": "/aws/lambda/update_task",
            "kms_key_id": "",
            "name": "/aws/lambda/update_task",
            "name_prefix": null,
            "retention_in_days": 14,
            "tags": {},
            "tags_all": {}
          },
          "sensitive_attributes": [],
          "private": "bnVsbA==",
          "dependencies": [
            "aws_iam_role.update_task_lambda_exec",
            "aws_lambda_function.update_task",
            "aws_s3_bucket.lambdas_bucket",
            "aws_s3_object.update_task_lambda",
            "data.archive_file.update_task_lambda"
          ]
        }
      ]
    },
    {
      "mode": "managed",
      "type": "aws_iam_policy",
      "name": "dynamo_db_full_access_policy",
      "provider": "provider[\"registry.terraform.io/hashicorp/aws\"]",
      "instances": [
        {
          "schema_version": 0,
          "attributes": {
            "arn": "arn:aws:iam::362154745874:policy/DynamoDBFullAccess",
            "description": "Task App DynamoDB Full Access Policy",
            "id": "arn:aws:iam::362154745874:policy/DynamoDBFullAccess",
            "name": "DynamoDBFullAccess",
            "name_prefix": null,
            "path": "/",
            "policy": "{\"Statement\":[{\"Action\":[\"dynamodb:*\",\"dax:*\",\"application-autoscaling:DeleteScalingPolicy\",\"application-autoscaling:DeregisterScalableTarget\",\"application-autoscaling:DescribeScalableTargets\",\"application-autoscaling:DescribeScalingActivities\",\"application-autoscaling:DescribeScalingPolicies\",\"application-autoscaling:PutScalingPolicy\",\"application-autoscaling:RegisterScalableTarget\",\"cloudwatch:DeleteAlarms\",\"cloudwatch:DescribeAlarmHistory\",\"cloudwatch:DescribeAlarms\",\"cloudwatch:DescribeAlarmsForMetric\",\"cloudwatch:GetMetricStatistics\",\"cloudwatch:ListMetrics\",\"cloudwatch:PutMetricAlarm\",\"cloudwatch:GetMetricData\",\"datapipeline:ActivatePipeline\",\"datapipeline:CreatePipeline\",\"datapipeline:DeletePipeline\",\"datapipeline:DescribeObjects\",\"datapipeline:DescribePipelines\",\"datapipeline:GetPipelineDefinition\",\"datapipeline:ListPipelines\",\"datapipeline:PutPipelineDefinition\",\"datapipeline:QueryObjects\",\"ec2:DescribeVpcs\",\"ec2:DescribeSubnets\",\"ec2:DescribeSecurityGroups\",\"iam:GetRole\",\"iam:ListRoles\",\"kms:DescribeKey\",\"kms:ListAliases\",\"sns:CreateTopic\",\"sns:DeleteTopic\",\"sns:ListSubscriptions\",\"sns:ListSubscriptionsByTopic\",\"sns:ListTopics\",\"sns:Subscribe\",\"sns:Unsubscribe\",\"sns:SetTopicAttributes\",\"lambda:CreateFunction\",\"lambda:ListFunctions\",\"lambda:ListEventSourceMappings\",\"lambda:CreateEventSourceMapping\",\"lambda:DeleteEventSourceMapping\",\"lambda:GetFunctionConfiguration\",\"lambda:DeleteFunction\",\"resource-groups:ListGroups\",\"resource-groups:ListGroupResources\",\"resource-groups:GetGroup\",\"resource-groups:GetGroupQuery\",\"resource-groups:DeleteGroup\",\"resource-groups:CreateGroup\",\"tag:GetResources\",\"kinesis:ListStreams\",\"kinesis:DescribeStream\",\"kinesis:DescribeStreamSummary\"],\"Effect\":\"Allow\",\"Resource\":\"*\"},{\"Action\":\"cloudwatch:GetInsightRuleReport\",\"Effect\":\"Allow\",\"Resource\":\"arn:aws:cloudwatch:*:*:insight-rule/DynamoDBContributorInsights*\"},{\"Action\":[\"iam:PassRole\"],\"Condition\":{\"StringLike\":{\"iam:PassedToService\":[\"application-autoscaling.amazonaws.com\",\"application-autoscaling.amazonaws.com.cn\",\"dax.amazonaws.com\"]}},\"Effect\":\"Allow\",\"Resource\":\"*\"},{\"Action\":[\"iam:CreateServiceLinkedRole\"],\"Condition\":{\"StringEquals\":{\"iam:AWSServiceName\":[\"replication.dynamodb.amazonaws.com\",\"dax.amazonaws.com\",\"dynamodb.application-autoscaling.amazonaws.com\",\"contributorinsights.dynamodb.amazonaws.com\",\"kinesisreplication.dynamodb.amazonaws.com\"]}},\"Effect\":\"Allow\",\"Resource\":\"*\"}],\"Version\":\"2012-10-17\"}",
            "policy_id": "ANPAVIUQ24AJCCCALOAYK",
            "tags": {},
            "tags_all": {}
          },
          "sensitive_attributes": [],
          "private": "bnVsbA=="
        }
      ]
    },
    {
      "mode": "managed",
      "type": "aws_iam_role",
      "name": "create_task_lambda_exec",
      "provider": "provider[\"registry.terraform.io/hashicorp/aws\"]",
      "instances": [
        {
          "schema_version": 0,
          "attributes": {
            "arn": "arn:aws:iam::362154745874:role/create-task-lambda",
            "assume_role_policy": "{\"Statement\":[{\"Action\":\"sts:AssumeRole\",\"Effect\":\"Allow\",\"Principal\":{\"Service\":\"lambda.amazonaws.com\"}}],\"Version\":\"2012-10-17\"}",
            "create_date": "2022-08-25T14:13:56Z",
            "description": "",
            "force_detach_policies": false,
            "id": "create-task-lambda",
            "inline_policy": [],
            "managed_policy_arns": [
              "arn:aws:iam::362154745874:policy/DynamoDBFullAccess",
              "arn:aws:iam::aws:policy/service-role/AWSLambdaBasicExecutionRole"
            ],
            "max_session_duration": 3600,
            "name": "create-task-lambda",
            "name_prefix": "",
            "path": "/",
            "permissions_boundary": null,
            "tags": {},
            "tags_all": {},
            "unique_id": "AROAVIUQ24AJPM3B6U7AY"
          },
          "sensitive_attributes": [],
          "private": "bnVsbA=="
        }
      ]
    },
    {
      "mode": "managed",
      "type": "aws_iam_role",
      "name": "delete_task_lambda_exec",
      "provider": "provider[\"registry.terraform.io/hashicorp/aws\"]",
      "instances": [
        {
          "schema_version": 0,
          "attributes": {
            "arn": "arn:aws:iam::362154745874:role/delete-task-lambda",
            "assume_role_policy": "{\"Statement\":[{\"Action\":\"sts:AssumeRole\",\"Effect\":\"Allow\",\"Principal\":{\"Service\":\"lambda.amazonaws.com\"}}],\"Version\":\"2012-10-17\"}",
            "create_date": "2022-08-27T16:22:33Z",
            "description": "",
            "force_detach_policies": false,
            "id": "delete-task-lambda",
            "inline_policy": [],
            "managed_policy_arns": [
              "arn:aws:iam::362154745874:policy/DynamoDBFullAccess",
              "arn:aws:iam::aws:policy/service-role/AWSLambdaBasicExecutionRole"
            ],
            "max_session_duration": 3600,
            "name": "delete-task-lambda",
            "name_prefix": "",
            "path": "/",
            "permissions_boundary": null,
            "tags": {},
            "tags_all": {},
            "unique_id": "AROAVIUQ24AJBQF5QLUNB"
          },
          "sensitive_attributes": [],
          "private": "bnVsbA=="
        }
      ]
    },
    {
      "mode": "managed",
      "type": "aws_iam_role",
      "name": "get_tasks_lambda_exec",
      "provider": "provider[\"registry.terraform.io/hashicorp/aws\"]",
      "instances": [
        {
          "schema_version": 0,
          "attributes": {
            "arn": "arn:aws:iam::362154745874:role/get-tasks-lambda",
            "assume_role_policy": "{\"Statement\":[{\"Action\":\"sts:AssumeRole\",\"Effect\":\"Allow\",\"Principal\":{\"Service\":\"lambda.amazonaws.com\"}}],\"Version\":\"2012-10-17\"}",
            "create_date": "2022-08-27T14:02:25Z",
            "description": "",
            "force_detach_policies": false,
            "id": "get-tasks-lambda",
            "inline_policy": [],
            "managed_policy_arns": [
              "arn:aws:iam::362154745874:policy/DynamoDBFullAccess",
              "arn:aws:iam::aws:policy/service-role/AWSLambdaBasicExecutionRole"
            ],
            "max_session_duration": 3600,
            "name": "get-tasks-lambda",
            "name_prefix": "",
            "path": "/",
            "permissions_boundary": null,
            "tags": {},
            "tags_all": {},
            "unique_id": "AROAVIUQ24AJF3543HQV2"
          },
          "sensitive_attributes": [],
          "private": "bnVsbA=="
        }
      ]
    },
    {
      "mode": "managed",
      "type": "aws_iam_role",
      "name": "update_task_lambda_exec",
      "provider": "provider[\"registry.terraform.io/hashicorp/aws\"]",
      "instances": [
        {
          "schema_version": 0,
          "attributes": {
            "arn": "arn:aws:iam::362154745874:role/update-task-lambda",
            "assume_role_policy": "{\"Statement\":[{\"Action\":\"sts:AssumeRole\",\"Effect\":\"Allow\",\"Principal\":{\"Service\":\"lambda.amazonaws.com\"}}],\"Version\":\"2012-10-17\"}",
            "create_date": "2022-08-27T14:52:38Z",
            "description": "",
            "force_detach_policies": false,
            "id": "update-task-lambda",
            "inline_policy": [],
            "managed_policy_arns": [
              "arn:aws:iam::362154745874:policy/DynamoDBFullAccess",
              "arn:aws:iam::aws:policy/service-role/AWSLambdaBasicExecutionRole"
            ],
            "max_session_duration": 3600,
            "name": "update-task-lambda",
            "name_prefix": "",
            "path": "/",
            "permissions_boundary": null,
            "tags": {},
            "tags_all": {},
            "unique_id": "AROAVIUQ24AJCWAEWNPNH"
          },
          "sensitive_attributes": [],
          "private": "bnVsbA=="
        }
      ]
    },
    {
      "mode": "managed",
      "type": "aws_iam_role_policy_attachment",
      "name": "create_task_lambda_policy",
      "provider": "provider[\"registry.terraform.io/hashicorp/aws\"]",
      "instances": [
        {
          "schema_version": 0,
          "attributes": {
            "id": "create-task-lambda-20220825141357920300000001",
            "policy_arn": "arn:aws:iam::aws:policy/service-role/AWSLambdaBasicExecutionRole",
            "role": "create-task-lambda"
          },
          "sensitive_attributes": [],
          "private": "bnVsbA==",
          "dependencies": ["aws_iam_role.create_task_lambda_exec"]
        }
      ]
    },
    {
      "mode": "managed",
      "type": "aws_iam_role_policy_attachment",
      "name": "create_task_lambda_policy_access",
      "provider": "provider[\"registry.terraform.io/hashicorp/aws\"]",
      "instances": [
        {
          "schema_version": 0,
          "attributes": {
            "id": "create-task-lambda-20220827134908869500000001",
            "policy_arn": "arn:aws:iam::362154745874:policy/DynamoDBFullAccess",
            "role": "create-task-lambda"
          },
          "sensitive_attributes": [],
          "private": "bnVsbA==",
          "dependencies": [
            "aws_iam_policy.dynamo_db_full_access_policy",
            "aws_iam_role.create_task_lambda_exec"
          ]
        }
      ]
    },
    {
      "mode": "managed",
      "type": "aws_iam_role_policy_attachment",
      "name": "delete_task_lambda_policy",
      "provider": "provider[\"registry.terraform.io/hashicorp/aws\"]",
      "instances": [
        {
          "schema_version": 0,
          "attributes": {
            "id": "delete-task-lambda-20220827162234913600000001",
            "policy_arn": "arn:aws:iam::aws:policy/service-role/AWSLambdaBasicExecutionRole",
            "role": "delete-task-lambda"
          },
          "sensitive_attributes": [],
          "private": "bnVsbA==",
          "dependencies": ["aws_iam_role.delete_task_lambda_exec"]
        }
      ]
    },
    {
      "mode": "managed",
      "type": "aws_iam_role_policy_attachment",
      "name": "delete_task_lambda_policy_access",
      "provider": "provider[\"registry.terraform.io/hashicorp/aws\"]",
      "instances": [
        {
          "schema_version": 0,
          "attributes": {
            "id": "delete-task-lambda-20220827162235130100000002",
            "policy_arn": "arn:aws:iam::362154745874:policy/DynamoDBFullAccess",
            "role": "delete-task-lambda"
          },
          "sensitive_attributes": [],
          "private": "bnVsbA==",
          "dependencies": [
            "aws_iam_policy.dynamo_db_full_access_policy",
            "aws_iam_role.delete_task_lambda_exec"
          ]
        }
      ]
    },
    {
      "mode": "managed",
      "type": "aws_iam_role_policy_attachment",
      "name": "get_tasks_lambda_policy",
      "provider": "provider[\"registry.terraform.io/hashicorp/aws\"]",
      "instances": [
        {
          "schema_version": 0,
          "attributes": {
            "id": "get-tasks-lambda-20220827140226523800000001",
            "policy_arn": "arn:aws:iam::aws:policy/service-role/AWSLambdaBasicExecutionRole",
            "role": "get-tasks-lambda"
          },
          "sensitive_attributes": [],
          "private": "bnVsbA==",
          "dependencies": ["aws_iam_role.get_tasks_lambda_exec"]
        }
      ]
    },
    {
      "mode": "managed",
      "type": "aws_iam_role_policy_attachment",
      "name": "get_tasks_lambda_policy_access",
      "provider": "provider[\"registry.terraform.io/hashicorp/aws\"]",
      "instances": [
        {
          "schema_version": 0,
          "attributes": {
            "id": "get-tasks-lambda-20220827140226775800000002",
            "policy_arn": "arn:aws:iam::362154745874:policy/DynamoDBFullAccess",
            "role": "get-tasks-lambda"
          },
          "sensitive_attributes": [],
          "private": "bnVsbA==",
          "dependencies": [
            "aws_iam_policy.dynamo_db_full_access_policy",
            "aws_iam_role.get_tasks_lambda_exec"
          ]
        }
      ]
    },
    {
      "mode": "managed",
      "type": "aws_iam_role_policy_attachment",
      "name": "update_task_lambda_policy",
      "provider": "provider[\"registry.terraform.io/hashicorp/aws\"]",
      "instances": [
        {
          "schema_version": 0,
          "attributes": {
            "id": "update-task-lambda-20220827145239763000000001",
            "policy_arn": "arn:aws:iam::aws:policy/service-role/AWSLambdaBasicExecutionRole",
            "role": "update-task-lambda"
          },
          "sensitive_attributes": [],
          "private": "bnVsbA==",
          "dependencies": ["aws_iam_role.update_task_lambda_exec"]
        }
      ]
    },
    {
      "mode": "managed",
      "type": "aws_iam_role_policy_attachment",
      "name": "update_task_lambda_policy_access",
      "provider": "provider[\"registry.terraform.io/hashicorp/aws\"]",
      "instances": [
        {
          "schema_version": 0,
          "attributes": {
            "id": "update-task-lambda-20220827145239942500000002",
            "policy_arn": "arn:aws:iam::362154745874:policy/DynamoDBFullAccess",
            "role": "update-task-lambda"
          },
          "sensitive_attributes": [],
          "private": "bnVsbA==",
          "dependencies": [
            "aws_iam_policy.dynamo_db_full_access_policy",
            "aws_iam_role.update_task_lambda_exec"
          ]
        }
      ]
    },
    {
      "mode": "managed",
      "type": "aws_lambda_function",
      "name": "create_task",
      "provider": "provider[\"registry.terraform.io/hashicorp/aws\"]",
      "instances": [
        {
          "schema_version": 0,
          "attributes": {
            "architectures": ["x86_64"],
            "arn": "arn:aws:lambda:us-east-1:362154745874:function:create_task",
            "code_signing_config_arn": "",
            "dead_letter_config": [],
            "description": "",
            "environment": [],
            "ephemeral_storage": [
              {
                "size": 512
              }
            ],
            "file_system_config": [],
            "filename": null,
            "function_name": "create_task",
            "handler": "create_task.handler",
            "id": "create_task",
            "image_config": [],
            "image_uri": "",
            "invoke_arn": "arn:aws:apigateway:us-east-1:lambda:path/2015-03-31/functions/arn:aws:lambda:us-east-1:362154745874:function:create_task/invocations",
            "kms_key_arn": "",
            "last_modified": "2022-08-27T16:38:17.000+0000",
            "layers": [],
            "memory_size": 128,
            "package_type": "Zip",
            "publish": false,
            "qualified_arn": "arn:aws:lambda:us-east-1:362154745874:function:create_task:$LATEST",
            "reserved_concurrent_executions": -1,
            "role": "arn:aws:iam::362154745874:role/create-task-lambda",
            "runtime": "nodejs16.x",
            "s3_bucket": "task-app-lambdas",
            "s3_key": "create_task.zip",
            "s3_object_version": null,
            "signing_job_arn": "",
            "signing_profile_version_arn": "",
            "source_code_hash": "AdS8IwSCjV8vWMVgocvkQs79Ap0pHTAjlv47C/JsT2A=",
            "source_code_size": 583,
            "tags": {},
            "tags_all": {},
            "timeout": 10,
            "timeouts": null,
            "tracing_config": [
              {
                "mode": "PassThrough"
              }
            ],
            "version": "$LATEST",
            "vpc_config": []
          },
          "sensitive_attributes": [],
          "private": "eyJlMmJmYjczMC1lY2FhLTExZTYtOGY4OC0zNDM2M2JjN2M0YzAiOnsiY3JlYXRlIjo2MDAwMDAwMDAwMDB9fQ==",
          "dependencies": [
            "aws_iam_role.create_task_lambda_exec",
            "aws_s3_bucket.lambdas_bucket",
            "aws_s3_object.create_task_lambda",
            "data.archive_file.create_task_lambda"
          ]
        }
      ]
    },
    {
      "mode": "managed",
      "type": "aws_lambda_function",
      "name": "delete_task",
      "provider": "provider[\"registry.terraform.io/hashicorp/aws\"]",
      "instances": [
        {
          "schema_version": 0,
          "attributes": {
            "architectures": ["x86_64"],
            "arn": "arn:aws:lambda:us-east-1:362154745874:function:delete_task",
            "code_signing_config_arn": "",
            "dead_letter_config": [],
            "description": "",
            "environment": [],
            "ephemeral_storage": [
              {
                "size": 512
              }
            ],
            "file_system_config": [],
            "filename": null,
            "function_name": "delete_task",
            "handler": "delete_task.handler",
            "id": "delete_task",
            "image_config": [],
            "image_uri": "",
            "invoke_arn": "arn:aws:apigateway:us-east-1:lambda:path/2015-03-31/functions/arn:aws:lambda:us-east-1:362154745874:function:delete_task/invocations",
            "kms_key_arn": "",
            "last_modified": "2022-08-27T16:38:17.000+0000",
            "layers": [],
            "memory_size": 128,
            "package_type": "Zip",
            "publish": false,
            "qualified_arn": "arn:aws:lambda:us-east-1:362154745874:function:delete_task:$LATEST",
            "reserved_concurrent_executions": -1,
            "role": "arn:aws:iam::362154745874:role/delete-task-lambda",
            "runtime": "nodejs16.x",
            "s3_bucket": "task-app-lambdas",
            "s3_key": "delete_task.zip",
            "s3_object_version": null,
            "signing_job_arn": "",
            "signing_profile_version_arn": "",
            "source_code_hash": "lmPzmXuwS6Ume8cX+vAVR3pkmM77eUdnNQkh3b/N238=",
            "source_code_size": 621,
            "tags": {},
            "tags_all": {},
            "timeout": 10,
            "timeouts": null,
            "tracing_config": [
              {
                "mode": "PassThrough"
              }
            ],
            "version": "$LATEST",
            "vpc_config": []
          },
          "sensitive_attributes": [],
          "private": "eyJlMmJmYjczMC1lY2FhLTExZTYtOGY4OC0zNDM2M2JjN2M0YzAiOnsiY3JlYXRlIjo2MDAwMDAwMDAwMDB9fQ==",
          "dependencies": [
            "aws_iam_role.delete_task_lambda_exec",
            "aws_s3_bucket.lambdas_bucket",
            "aws_s3_object.delete_task_lambda",
            "data.archive_file.delete_task_lambda"
          ]
        }
      ]
    },
    {
      "mode": "managed",
      "type": "aws_lambda_function",
      "name": "get_tasks",
      "provider": "provider[\"registry.terraform.io/hashicorp/aws\"]",
      "instances": [
        {
          "schema_version": 0,
          "attributes": {
            "architectures": ["x86_64"],
            "arn": "arn:aws:lambda:us-east-1:362154745874:function:get_tasks",
            "code_signing_config_arn": "",
            "dead_letter_config": [],
            "description": "",
            "environment": [],
            "ephemeral_storage": [
              {
                "size": 512
              }
            ],
            "file_system_config": [],
            "filename": null,
            "function_name": "get_tasks",
            "handler": "get_tasks.handler",
            "id": "get_tasks",
            "image_config": [],
            "image_uri": "",
            "invoke_arn": "arn:aws:apigateway:us-east-1:lambda:path/2015-03-31/functions/arn:aws:lambda:us-east-1:362154745874:function:get_tasks/invocations",
            "kms_key_arn": "",
            "last_modified": "2022-08-27T16:38:17.000+0000",
            "layers": [],
            "memory_size": 128,
            "package_type": "Zip",
            "publish": false,
            "qualified_arn": "arn:aws:lambda:us-east-1:362154745874:function:get_tasks:$LATEST",
            "reserved_concurrent_executions": -1,
            "role": "arn:aws:iam::362154745874:role/get-tasks-lambda",
            "runtime": "nodejs16.x",
            "s3_bucket": "task-app-lambdas",
            "s3_key": "get_tasks.zip",
            "s3_object_version": null,
            "signing_job_arn": "",
            "signing_profile_version_arn": "",
            "source_code_hash": "x2rRRM2bDz96G6ZBWJ2FtOMqxaT1HXXk5mojCeab5JM=",
            "source_code_size": 640,
            "tags": {},
            "tags_all": {},
            "timeout": 10,
            "timeouts": null,
            "tracing_config": [
              {
                "mode": "PassThrough"
              }
            ],
            "version": "$LATEST",
            "vpc_config": []
          },
          "sensitive_attributes": [],
          "private": "eyJlMmJmYjczMC1lY2FhLTExZTYtOGY4OC0zNDM2M2JjN2M0YzAiOnsiY3JlYXRlIjo2MDAwMDAwMDAwMDB9fQ==",
          "dependencies": [
            "aws_iam_role.get_tasks_lambda_exec",
            "aws_s3_bucket.lambdas_bucket",
            "aws_s3_object.get_tasks_lambda",
            "data.archive_file.get_tasks_lambda"
          ]
        }
      ]
    },
    {
      "mode": "managed",
      "type": "aws_lambda_function",
      "name": "update_task",
      "provider": "provider[\"registry.terraform.io/hashicorp/aws\"]",
      "instances": [
        {
          "schema_version": 0,
          "attributes": {
            "architectures": ["x86_64"],
            "arn": "arn:aws:lambda:us-east-1:362154745874:function:update_task",
            "code_signing_config_arn": "",
            "dead_letter_config": [],
            "description": "",
            "environment": [],
            "ephemeral_storage": [
              {
                "size": 512
              }
            ],
            "file_system_config": [],
            "filename": null,
            "function_name": "update_task",
            "handler": "update_task.handler",
            "id": "update_task",
            "image_config": [],
            "image_uri": "",
            "invoke_arn": "arn:aws:apigateway:us-east-1:lambda:path/2015-03-31/functions/arn:aws:lambda:us-east-1:362154745874:function:update_task/invocations",
            "kms_key_arn": "",
            "last_modified": "2022-08-27T16:38:17.000+0000",
            "layers": [],
            "memory_size": 128,
            "package_type": "Zip",
            "publish": false,
            "qualified_arn": "arn:aws:lambda:us-east-1:362154745874:function:update_task:$LATEST",
            "reserved_concurrent_executions": -1,
            "role": "arn:aws:iam::362154745874:role/update-task-lambda",
            "runtime": "nodejs16.x",
            "s3_bucket": "task-app-lambdas",
            "s3_key": "update_task.zip",
            "s3_object_version": null,
            "signing_job_arn": "",
            "signing_profile_version_arn": "",
            "source_code_hash": "rghsJpAD+PDH6CLEo057Xv9uUzWaoW6eT5lyILrh2WE=",
            "source_code_size": 604,
            "tags": {},
            "tags_all": {},
            "timeout": 10,
            "timeouts": null,
            "tracing_config": [
              {
                "mode": "PassThrough"
              }
            ],
            "version": "$LATEST",
            "vpc_config": []
          },
          "sensitive_attributes": [],
          "private": "eyJlMmJmYjczMC1lY2FhLTExZTYtOGY4OC0zNDM2M2JjN2M0YzAiOnsiY3JlYXRlIjo2MDAwMDAwMDAwMDB9fQ==",
          "dependencies": [
            "aws_iam_role.update_task_lambda_exec",
            "aws_s3_bucket.lambdas_bucket",
            "aws_s3_object.update_task_lambda",
            "data.archive_file.update_task_lambda"
          ]
        }
      ]
    },
    {
      "mode": "managed",
      "type": "aws_lambda_permission",
      "name": "api_gw_v3",
      "provider": "provider[\"registry.terraform.io/hashicorp/aws\"]",
      "instances": [
        {
          "schema_version": 0,
          "attributes": {
            "action": "lambda:InvokeFunction",
            "event_source_token": null,
            "function_name": "create_task",
            "function_url_auth_type": null,
            "id": "AllowExecutionFromAPIGateway",
            "principal": "apigateway.amazonaws.com",
            "principal_org_id": null,
            "qualifier": "",
            "source_account": null,
            "source_arn": "arn:aws:execute-api:us-east-1:362154745874:44jm5lnpn2/*/*",
            "statement_id": "AllowExecutionFromAPIGateway",
            "statement_id_prefix": ""
          },
          "sensitive_attributes": [],
          "private": "bnVsbA==",
          "dependencies": [
            "aws_apigatewayv2_api.task_app_main",
            "aws_iam_role.create_task_lambda_exec",
            "aws_lambda_function.create_task",
            "aws_s3_bucket.lambdas_bucket",
            "aws_s3_object.create_task_lambda",
            "data.archive_file.create_task_lambda"
          ]
        }
      ]
    },
    {
      "mode": "managed",
      "type": "aws_lambda_permission",
      "name": "api_gw_v4",
      "provider": "provider[\"registry.terraform.io/hashicorp/aws\"]",
      "instances": [
        {
          "schema_version": 0,
          "attributes": {
            "action": "lambda:InvokeFunction",
            "event_source_token": null,
            "function_name": "get_tasks",
            "function_url_auth_type": null,
            "id": "AllowExecutionFromAPIGateway",
            "principal": "apigateway.amazonaws.com",
            "principal_org_id": null,
            "qualifier": "",
            "source_account": null,
            "source_arn": "arn:aws:execute-api:us-east-1:362154745874:44jm5lnpn2/*/*",
            "statement_id": "AllowExecutionFromAPIGateway",
            "statement_id_prefix": ""
          },
          "sensitive_attributes": [],
          "private": "bnVsbA==",
          "dependencies": [
            "aws_apigatewayv2_api.task_app_main",
            "aws_iam_role.get_tasks_lambda_exec",
            "aws_lambda_function.get_tasks",
            "aws_s3_bucket.lambdas_bucket",
            "aws_s3_object.get_tasks_lambda",
            "data.archive_file.get_tasks_lambda"
          ]
        }
      ]
    },
    {
      "mode": "managed",
      "type": "aws_lambda_permission",
      "name": "api_gw_v5",
      "provider": "provider[\"registry.terraform.io/hashicorp/aws\"]",
      "instances": [
        {
          "schema_version": 0,
          "attributes": {
            "action": "lambda:InvokeFunction",
            "event_source_token": null,
            "function_name": "update_task",
            "function_url_auth_type": null,
            "id": "AllowExecutionFromAPIGateway",
            "principal": "apigateway.amazonaws.com",
            "principal_org_id": null,
            "qualifier": "",
            "source_account": null,
            "source_arn": "arn:aws:execute-api:us-east-1:362154745874:44jm5lnpn2/*/*",
            "statement_id": "AllowExecutionFromAPIGateway",
            "statement_id_prefix": ""
          },
          "sensitive_attributes": [],
          "private": "bnVsbA==",
          "dependencies": [
            "aws_apigatewayv2_api.task_app_main",
            "aws_iam_role.update_task_lambda_exec",
            "aws_lambda_function.update_task",
            "aws_s3_bucket.lambdas_bucket",
            "aws_s3_object.update_task_lambda",
            "data.archive_file.update_task_lambda"
          ]
        }
      ]
    },
    {
      "mode": "managed",
      "type": "aws_lambda_permission",
      "name": "api_gw_v6",
      "provider": "provider[\"registry.terraform.io/hashicorp/aws\"]",
      "instances": [
        {
          "schema_version": 0,
          "attributes": {
            "action": "lambda:InvokeFunction",
            "event_source_token": null,
            "function_name": "delete_task",
            "function_url_auth_type": null,
            "id": "AllowExecutionFromAPIGateway",
            "principal": "apigateway.amazonaws.com",
            "principal_org_id": null,
            "qualifier": "",
            "source_account": null,
            "source_arn": "arn:aws:execute-api:us-east-1:362154745874:44jm5lnpn2/*/*",
            "statement_id": "AllowExecutionFromAPIGateway",
            "statement_id_prefix": ""
          },
          "sensitive_attributes": [],
          "private": "bnVsbA==",
          "dependencies": [
            "aws_apigatewayv2_api.task_app_main",
            "aws_iam_role.delete_task_lambda_exec",
            "aws_lambda_function.delete_task",
            "aws_s3_bucket.lambdas_bucket",
            "aws_s3_object.delete_task_lambda",
            "data.archive_file.delete_task_lambda"
          ]
        }
      ]
    },
    {
      "mode": "managed",
      "type": "aws_s3_bucket",
      "name": "lambdas_bucket",
      "provider": "provider[\"registry.terraform.io/hashicorp/aws\"]",
      "instances": [
        {
          "schema_version": 0,
          "attributes": {
            "acceleration_status": "",
            "acl": null,
            "arn": "arn:aws:s3:::task-app-lambdas",
            "bucket": "task-app-lambdas",
            "bucket_domain_name": "task-app-lambdas.s3.amazonaws.com",
            "bucket_prefix": null,
            "bucket_regional_domain_name": "task-app-lambdas.s3.amazonaws.com",
            "cors_rule": [],
            "force_destroy": true,
            "grant": [
              {
                "id": "abc7a30cafa19a202fb4ce1a20b68bb621caaf1019114d785e0ee6f6653ffe81",
                "permissions": ["FULL_CONTROL"],
                "type": "CanonicalUser",
                "uri": ""
              }
            ],
            "hosted_zone_id": "Z3AQBSTGFYJSTF",
            "id": "task-app-lambdas",
            "lifecycle_rule": [],
            "logging": [],
            "object_lock_configuration": [],
            "object_lock_enabled": false,
            "policy": "",
            "region": "us-east-1",
            "replication_configuration": [],
            "request_payer": "BucketOwner",
            "server_side_encryption_configuration": [],
            "tags": {},
            "tags_all": {},
            "timeouts": null,
            "versioning": [
              {
                "enabled": false,
                "mfa_delete": false
              }
            ],
            "website": [],
            "website_domain": null,
            "website_endpoint": null
          },
          "sensitive_attributes": [],
          "private": "eyJlMmJmYjczMC1lY2FhLTExZTYtOGY4OC0zNDM2M2JjN2M0YzAiOnsiY3JlYXRlIjoxMjAwMDAwMDAwMDAwLCJkZWxldGUiOjM2MDAwMDAwMDAwMDAsInJlYWQiOjEyMDAwMDAwMDAwMDAsInVwZGF0ZSI6MTIwMDAwMDAwMDAwMH19"
        }
      ]
    },
    {
      "mode": "managed",
      "type": "aws_s3_bucket_public_access_block",
      "name": "lambdas_bucket",
      "provider": "provider[\"registry.terraform.io/hashicorp/aws\"]",
      "instances": [
        {
          "schema_version": 0,
          "attributes": {
            "block_public_acls": true,
            "block_public_policy": true,
            "bucket": "task-app-lambdas",
            "id": "task-app-lambdas",
            "ignore_public_acls": true,
            "restrict_public_buckets": true
          },
          "sensitive_attributes": [],
          "private": "bnVsbA==",
          "dependencies": ["aws_s3_bucket.lambdas_bucket"]
        }
      ]
    },
    {
      "mode": "managed",
      "type": "aws_s3_object",
      "name": "create_task_lambda",
      "provider": "provider[\"registry.terraform.io/hashicorp/aws\"]",
      "instances": [
        {
          "schema_version": 0,
          "attributes": {
            "acl": "private",
            "bucket": "task-app-lambdas",
            "bucket_key_enabled": false,
            "cache_control": "",
            "content": null,
            "content_base64": null,
            "content_disposition": "",
            "content_encoding": "",
            "content_language": "",
            "content_type": "binary/octet-stream",
            "etag": "2a920b4fe0103666d188f047d124353a",
            "force_destroy": false,
            "id": "create_task.zip",
            "key": "create_task.zip",
            "kms_key_id": null,
            "metadata": {},
            "object_lock_legal_hold_status": "",
            "object_lock_mode": "",
            "object_lock_retain_until_date": "",
            "server_side_encryption": "",
            "source": "./create_task.zip",
            "source_hash": null,
            "storage_class": "STANDARD",
            "tags": {},
            "tags_all": {},
            "version_id": "",
            "website_redirect": ""
          },
          "sensitive_attributes": [],
          "private": "bnVsbA==",
          "dependencies": [
            "aws_s3_bucket.lambdas_bucket",
            "data.archive_file.create_task_lambda"
          ]
        }
      ]
    },
    {
      "mode": "managed",
      "type": "aws_s3_object",
      "name": "delete_task_lambda",
      "provider": "provider[\"registry.terraform.io/hashicorp/aws\"]",
      "instances": [
        {
          "schema_version": 0,
          "attributes": {
            "acl": "private",
            "bucket": "task-app-lambdas",
            "bucket_key_enabled": false,
            "cache_control": "",
            "content": null,
            "content_base64": null,
            "content_disposition": "",
            "content_encoding": "",
            "content_language": "",
            "content_type": "binary/octet-stream",
            "etag": "a882c23421e0bc3cfbce67793451d856",
            "force_destroy": false,
            "id": "delete_task.zip",
            "key": "delete_task.zip",
            "kms_key_id": null,
            "metadata": {},
            "object_lock_legal_hold_status": "",
            "object_lock_mode": "",
            "object_lock_retain_until_date": "",
            "server_side_encryption": "",
            "source": "./delete_task.zip",
            "source_hash": null,
            "storage_class": "STANDARD",
            "tags": {},
            "tags_all": {},
            "version_id": "",
            "website_redirect": ""
          },
          "sensitive_attributes": [],
          "private": "bnVsbA==",
          "dependencies": [
            "aws_s3_bucket.lambdas_bucket",
            "data.archive_file.delete_task_lambda"
          ]
        }
      ]
    },
    {
      "mode": "managed",
      "type": "aws_s3_object",
      "name": "get_tasks_lambda",
      "provider": "provider[\"registry.terraform.io/hashicorp/aws\"]",
      "instances": [
        {
          "schema_version": 0,
          "attributes": {
            "acl": "private",
            "bucket": "task-app-lambdas",
            "bucket_key_enabled": false,
            "cache_control": "",
            "content": null,
            "content_base64": null,
            "content_disposition": "",
            "content_encoding": "",
            "content_language": "",
            "content_type": "binary/octet-stream",
            "etag": "98f6812a302f5f65455d0833e560c014",
            "force_destroy": false,
            "id": "get_tasks.zip",
            "key": "get_tasks.zip",
            "kms_key_id": null,
            "metadata": {},
            "object_lock_legal_hold_status": "",
            "object_lock_mode": "",
            "object_lock_retain_until_date": "",
            "server_side_encryption": "",
            "source": "./get_tasks.zip",
            "source_hash": null,
            "storage_class": "STANDARD",
            "tags": {},
            "tags_all": {},
            "version_id": "",
            "website_redirect": ""
          },
          "sensitive_attributes": [],
          "private": "bnVsbA==",
          "dependencies": [
            "aws_s3_bucket.lambdas_bucket",
            "data.archive_file.get_tasks_lambda"
          ]
        }
      ]
    },
    {
      "mode": "managed",
      "type": "aws_s3_object",
      "name": "update_task_lambda",
      "provider": "provider[\"registry.terraform.io/hashicorp/aws\"]",
      "instances": [
        {
          "schema_version": 0,
          "attributes": {
            "acl": "private",
            "bucket": "task-app-lambdas",
            "bucket_key_enabled": false,
            "cache_control": "",
            "content": null,
            "content_base64": null,
            "content_disposition": "",
            "content_encoding": "",
            "content_language": "",
            "content_type": "binary/octet-stream",
            "etag": "d5f9edd38d882211ba579f8f66cd2610",
            "force_destroy": false,
            "id": "update_task.zip",
            "key": "update_task.zip",
            "kms_key_id": null,
            "metadata": {},
            "object_lock_legal_hold_status": "",
            "object_lock_mode": "",
            "object_lock_retain_until_date": "",
            "server_side_encryption": "",
            "source": "./update_task.zip",
            "source_hash": null,
            "storage_class": "STANDARD",
            "tags": {},
            "tags_all": {},
            "version_id": "",
            "website_redirect": ""
          },
          "sensitive_attributes": [],
          "private": "bnVsbA==",
          "dependencies": [
            "aws_s3_bucket.lambdas_bucket",
            "data.archive_file.update_task_lambda"
          ]
        }
      ]
    }
  ]
}
